
Microsoft Visual Studio Solution File, Format Version 12.00
# Visual Studio Version 17
VisualStudioVersion = 17.6.33927.249
MinimumVisualStudioVersion = 10.0.40219.1
Project("{FAE04EC0-301F-11D3-BF4B-00C04F79EFBC}") = "Practics", "Practics\Practics.csproj", "{6FFDC558-476B-4D6E-B698-A1F6E522BB12}"
EndProject
Global
	GlobalSection(SolutionConfigurationPlatforms) = preSolution
		Debug|Any CPU = Debug|Any CPU
		Release|Any CPU = Release|Any CPU
	EndGlobalSection
	GlobalSection(ProjectConfigurationPlatforms) = postSolution
		{6FFDC558-476B-4D6E-B698-A1F6E522BB12}.Debug|Any CPU.ActiveCfg = Debug|Any CPU
		{6FFDC558-476B-4D6E-B698-A1F6E522BB12}.Debug|Any CPU.Build.0 = Debug|Any CPU
		{6FFDC558-476B-4D6E-B698-A1F6E522BB12}.Release|Any CPU.ActiveCfg = Release|Any CPU
		{6FFDC558-476B-4D6E-B698-A1F6E522BB12}.Release|Any CPU.Build.0 = Release|Any CPU
	EndGlobalSection
	GlobalSection(SolutionProperties) = preSolution
		HideSolutionNode = FALSE
	EndGlobalSection
	GlobalSection(ExtensibilityGlobals) = postSolution
		SolutionGuid = {4368AAED-85CF-4D92-B698-1DDAA727CC1A}
	EndGlobalSection
EndGlobal
